# THIS IS AN AUTOGENERATED FILE. DO NOT EDIT THIS FILE DIRECTLY.
# yarn lockfile v1


"adler-32@~1.2.0":
  "integrity" "sha512-/vUqU/UY4MVeFsg+SsK6c+/05RZXIHZMGJA+PX5JyWI0ZRcBpupnRuPLU/NXXoFwMYCPCoxIfElM2eS+DUXCqQ=="
  "resolved" "https://registry.npmjs.org/adler-32/-/adler-32-1.2.0.tgz"
  "version" "1.2.0"
  dependencies:
    "exit-on-epipe" "~1.0.1"
    "printj" "~1.1.0"

"adler-32@~1.3.0":
  "integrity" "sha512-ynZ4w/nUUv5rrsR8UUGoe1VC9hZj6V5hU9Qw1HlMDJGEJw5S7TfTErWTjMys6M7vr0YWcPqs3qAr4ss0nDfP+A=="
  "resolved" "https://registry.npmjs.org/adler-32/-/adler-32-1.3.1.tgz"
  "version" "1.3.1"

"cfb@^1.1.4":
  "integrity" "sha512-KfdUZsSOw19/ObEWasvBP/Ac4reZvAGauZhs6S/gqNhXhI7cKwvlH7ulj+dOEYnca4bm4SGo8C1bTAQvnTjgQA=="
  "resolved" "https://registry.npmjs.org/cfb/-/cfb-1.2.2.tgz"
  "version" "1.2.2"
  dependencies:
    "adler-32" "~1.3.0"
    "crc-32" "~1.2.0"

"codepage@~1.15.0":
  "integrity" "sha512-3g6NUTPd/YtuuGrhMnOMRjFc+LJw/bnMp3+0r/Wcz3IXUuCosKRJvMphm5+Q+bvTVGcJJuRvVLuYba+WojaFaA=="
  "resolved" "https://registry.npmjs.org/codepage/-/codepage-1.15.0.tgz"
  "version" "1.15.0"

"crc-32@~1.2.0":
  "integrity" "sha512-ROmzCKrTnOwybPcJApAA6WBWij23HVfGVNKqqrZpuyZOHqK2CwHSvpGuyt/UNNvaIjEd8X5IFGp4Mh+Ie1IHJQ=="
  "resolved" "https://registry.npmjs.org/crc-32/-/crc-32-1.2.2.tgz"
  "version" "1.2.2"

"dotenv@^16.0.1":
  "integrity" "sha512-1K6hR6wtk2FviQ4kEiSjFiH5rpzEVi8WW0x96aztHVMhEspNpc4DVOUTEHtEva5VThQ8IaBX1Pe4gSzpVVUsKQ=="
  "resolved" "https://registry.npmjs.org/dotenv/-/dotenv-16.0.1.tgz"
  "version" "16.0.1"

"exit-on-epipe@~1.0.1":
  "integrity" "sha512-h2z5mrROTxce56S+pnvAV890uu7ls7f1kEvVGJbw1OlFH3/mlJ5bkXu0KRyW94v37zzHPiUd55iLn3DA7TjWpw=="
  "resolved" "https://registry.npmjs.org/exit-on-epipe/-/exit-on-epipe-1.0.1.tgz"
  "version" "1.0.1"

"frac@~1.1.2":
  "integrity" "sha512-w/XBfkibaTl3YDqASwfDUqkna4Z2p9cFSr1aHDt0WoMTECnRfBOv2WArlZILlqgWlmdIlALXGpM2AOhEk5W3IA=="
  "resolved" "https://registry.npmjs.org/frac/-/frac-1.1.2.tgz"
  "version" "1.1.2"

"handlebars@^4.7.7":
  "integrity" "sha512-aAcXm5OAfE/8IXkcZvCepKU3VzW1/39Fb5ZuqMtgI/hT8X2YgoMvBY5dLhq/cpOvw7Lk1nK/UF71aLG/ZnVYRA=="
  "resolved" "https://registry.npmjs.org/handlebars/-/handlebars-4.7.7.tgz"
  "version" "4.7.7"
  dependencies:
    "minimist" "^1.2.5"
    "neo-async" "^2.6.0"
    "source-map" "^0.6.1"
    "wordwrap" "^1.0.0"
  optionalDependencies:
    "uglify-js" "^3.1.4"

"minimist@^1.2.5":
  "integrity" "sha512-Jsjnk4bw3YJqYzbdyBiNsPWHPfO++UGG749Cxs6peCu5Xg4nrena6OVxOYxrQTqww0Jmwt+Ref8rggumkTLz9Q=="
  "resolved" "https://registry.npmjs.org/minimist/-/minimist-1.2.6.tgz"
  "version" "1.2.6"

"neo-async@^2.6.0":
  "integrity" "sha512-Yd3UES5mWCSqR+qNT93S3UoYUkqAZ9lLg8a7g9rimsWmYGK8cVToA4/sF3RrshdyV3sAGMXVUmpMYOw+dLpOuw=="
  "resolved" "https://registry.npmjs.org/neo-async/-/neo-async-2.6.2.tgz"
  "version" "2.6.2"

"node-xlsx@^0.21.0":
  "integrity" "sha512-MB+KcNCuRzwjgr17scpKiVTPd4Vbj3V+7QwKpqACGyJzhvC67xCQUbw2vYEIKtNfMfcLxgB2q2kEuRS8rmak9g=="
  "resolved" "https://registry.npmjs.org/node-xlsx/-/node-xlsx-0.21.0.tgz"
  "version" "0.21.0"
  dependencies:
    "xlsx" "^0.17.4"

"nodemailer@^6.7.8":
  "integrity" "sha512-2zaTFGqZixVmTxpJRCFC+Vk5eGRd/fYtvIR+dl5u9QXLTQWGIf48x/JXvo58g9sa0bU6To04XUv554Paykum3g=="
  "resolved" "https://registry.npmjs.org/nodemailer/-/nodemailer-6.7.8.tgz"
  "version" "6.7.8"

"printj@~1.1.0":
  "integrity" "sha512-zA2SmoLaxZyArQTOPj5LXecR+RagfPSU5Kw1qP+jkWeNlrq+eJZyY2oS68SU1Z/7/myXM4lo9716laOFAVStCQ=="
  "resolved" "https://registry.npmjs.org/printj/-/printj-1.1.2.tgz"
  "version" "1.1.2"

"source-map@^0.6.1":
  "integrity" "sha512-UjgapumWlbMhkBgzT7Ykc5YXUT46F0iKu8SGXq0bcwP5dz/h0Plj6enJqjz1Zbq2l5WaqYnrVbwWOWMyF3F47g=="
  "resolved" "https://registry.npmjs.org/source-map/-/source-map-0.6.1.tgz"
  "version" "0.6.1"

"ssf@~0.11.2":
  "integrity" "sha512-+idbmIXoYET47hH+d7dfm2epdOMUDjqcB4648sTZ+t2JwoyBFL/insLfB/racrDmsKB3diwsDA696pZMieAC5g=="
  "resolved" "https://registry.npmjs.org/ssf/-/ssf-0.11.2.tgz"
  "version" "0.11.2"
  dependencies:
    "frac" "~1.1.2"

"uglify-js@^3.1.4":
  "integrity" "sha512-uVbFqx9vvLhQg0iBaau9Z75AxWJ8tqM9AV890dIZCLApF4rTcyHwmAvLeEdYRs+BzYWu8Iw81F79ah0EfTXbaw=="
  "resolved" "https://registry.npmjs.org/uglify-js/-/uglify-js-3.16.3.tgz"
  "version" "3.16.3"

"wmf@~1.0.1":
  "integrity" "sha512-/p9K7bEh0Dj6WbXg4JG0xvLQmIadrner1bi45VMJTfnbVHsc7yIajZyoSoK60/dtVBs12Fm6WkUI5/3WAVsNMw=="
  "resolved" "https://registry.npmjs.org/wmf/-/wmf-1.0.2.tgz"
  "version" "1.0.2"

"word@~0.3.0":
  "integrity" "sha512-OELeY0Q61OXpdUfTp+oweA/vtLVg5VDOXh+3he3PNzLGG/y0oylSOC1xRVj0+l4vQ3tj/bB1HVHv1ocXkQceFA=="
  "resolved" "https://registry.npmjs.org/word/-/word-0.3.0.tgz"
  "version" "0.3.0"

"wordwrap@^1.0.0":
  "integrity" "sha512-gvVzJFlPycKc5dZN4yPkP8w7Dc37BtP1yczEneOb4uq34pXZcvrtRTmWV8W+Ume+XCxKgbjM+nevkyFPMybd4Q=="
  "resolved" "https://registry.npmjs.org/wordwrap/-/wordwrap-1.0.0.tgz"
  "version" "1.0.0"

"xlsx@^0.17.4":
  "integrity" "sha512-lXNU0TuYsvElzvtI6O7WIVb9Zar1XYw7Xb3VAx2wn8N/n0whBYrCnHMxtFyIiUU1Wjf09WzmLALDfBO5PqTb1g=="
  "resolved" "https://registry.npmjs.org/xlsx/-/xlsx-0.17.5.tgz"
  "version" "0.17.5"
  dependencies:
    "adler-32" "~1.2.0"
    "cfb" "^1.1.4"
    "codepage" "~1.15.0"
    "crc-32" "~1.2.0"
    "ssf" "~0.11.2"
    "wmf" "~1.0.1"
    "word" "~0.3.0"
